// !$*UTF8*$!
{
	archiveVersion = 1;
	classes = {
	};
	objectVersion = 56;
	objects = {

/* Begin PBXBuildFile section */
		0FBA0D2D28F427B700E1BDA3 /* WorkingTimeApp.swift in Sources */ = {isa = PBXBuildFile; fileRef = 0FBA0D2C28F427B700E1BDA3 /* WorkingTimeApp.swift */; };
		0FBA0D2F28F427B700E1BDA3 /* Persistence.swift in Sources */ = {isa = PBXBuildFile; fileRef = 0FBA0D2E28F427B700E1BDA3 /* Persistence.swift */; };
		0FBA0D3228F427B700E1BDA3 /* WorkingTime.xcdatamodeld in Sources */ = {isa = PBXBuildFile; fileRef = 0FBA0D3028F427B700E1BDA3 /* WorkingTime.xcdatamodeld */; };
		0FBA0D3428F427B700E1BDA3 /* ContentView.swift in Sources */ = {isa = PBXBuildFile; fileRef = 0FBA0D3328F427B700E1BDA3 /* ContentView.swift */; };
		0FBA0D3628F427B800E1BDA3 /* Assets.xcassets in Resources */ = {isa = PBXBuildFile; fileRef = 0FBA0D3528F427B800E1BDA3 /* Assets.xcassets */; };
		0FBA0D3A28F427B800E1BDA3 /* Preview Assets.xcassets in Resources */ = {isa = PBXBuildFile; fileRef = 0FBA0D3928F427B800E1BDA3 /* Preview Assets.xcassets */; };
		0FBA0D4428F427B800E1BDA3 /* WorkingTimeTests.swift in Sources */ = {isa = PBXBuildFile; fileRef = 0FBA0D4328F427B800E1BDA3 /* WorkingTimeTests.swift */; };
		0FBA0D4E28F427B800E1BDA3 /* WorkingTimeUITests.swift in Sources */ = {isa = PBXBuildFile; fileRef = 0FBA0D4D28F427B800E1BDA3 /* WorkingTimeUITests.swift */; };
		0FBA0D5028F427B800E1BDA3 /* WorkingTimeUITestsLaunchTests.swift in Sources */ = {isa = PBXBuildFile; fileRef = 0FBA0D4F28F427B800E1BDA3 /* WorkingTimeUITestsLaunchTests.swift */; };
		0FBA0D6C28F42ECB00E1BDA3 /* WorkTime+CoreDataClass.swift in Sources */ = {isa = PBXBuildFile; fileRef = 0FBA0D6A28F42ECB00E1BDA3 /* WorkTime+CoreDataClass.swift */; };
		0FBA0D6D28F42ECB00E1BDA3 /* WorkTime+CoreDataProperties.swift in Sources */ = {isa = PBXBuildFile; fileRef = 0FBA0D6B28F42ECB00E1BDA3 /* WorkTime+CoreDataProperties.swift */; };
/* End PBXBuildFile section */

/* Begin PBXContainerItemProxy section */
		0FBA0D4028F427B800E1BDA3 /* PBXContainerItemProxy */ = {
			isa = PBXContainerItemProxy;
			containerPortal = 0FBA0D2128F427B700E1BDA3 /* Project object */;
			proxyType = 1;
			remoteGlobalIDString = 0FBA0D2828F427B700E1BDA3;
			remoteInfo = WorkingTime;
		};
		0FBA0D4A28F427B800E1BDA3 /* PBXContainerItemProxy */ = {
			isa = PBXContainerItemProxy;
			containerPortal = 0FBA0D2128F427B700E1BDA3 /* Project object */;
			proxyType = 1;
			remoteGlobalIDString = 0FBA0D2828F427B700E1BDA3;
			remoteInfo = WorkingTime;
		};
/* End PBXContainerItemProxy section */

/* Begin PBXFileReference section */
		0FBA0D2928F427B700E1BDA3 /* WorkingTime.app */ = {isa = PBXFileReference; explicitFileType = wrapper.application; includeInIndex = 0; path = WorkingTime.app; sourceTree = BUILT_PRODUCTS_DIR; };
		0FBA0D2C28F427B700E1BDA3 /* WorkingTimeApp.swift */ = {isa = PBXFileReference; lastKnownFileType = sourcecode.swift; path = WorkingTimeApp.swift; sourceTree = "<group>"; };
		0FBA0D2E28F427B700E1BDA3 /* Persistence.swift */ = {isa = PBXFileReference; lastKnownFileType = sourcecode.swift; path = Persistence.swift; sourceTree = "<group>"; };
		0FBA0D3128F427B700E1BDA3 /* WorkingTime.xcdatamodel */ = {isa = PBXFileReference; lastKnownFileType = wrapper.xcdatamodel; path = WorkingTime.xcdatamodel; sourceTree = "<group>"; };
		0FBA0D3328F427B700E1BDA3 /* ContentView.swift */ = {isa = PBXFileReference; lastKnownFileType = sourcecode.swift; path = ContentView.swift; sourceTree = "<group>"; };
		0FBA0D3528F427B800E1BDA3 /* Assets.xcassets */ = {isa = PBXFileReference; lastKnownFileType = folder.assetcatalog; path = Assets.xcassets; sourceTree = "<group>"; };
		0FBA0D3728F427B800E1BDA3 /* WorkingTime.entitlements */ = {isa = PBXFileReference; lastKnownFileType = text.plist.entitlements; path = WorkingTime.entitlements; sourceTree = "<group>"; };
		0FBA0D3928F427B800E1BDA3 /* Preview Assets.xcassets */ = {isa = PBXFileReference; lastKnownFileType = folder.assetcatalog; path = "Preview Assets.xcassets"; sourceTree = "<group>"; };
		0FBA0D3F28F427B800E1BDA3 /* WorkingTimeTests.xctest */ = {isa = PBXFileReference; explicitFileType = wrapper.cfbundle; includeInIndex = 0; path = WorkingTimeTests.xctest; sourceTree = BUILT_PRODUCTS_DIR; };
		0FBA0D4328F427B800E1BDA3 /* WorkingTimeTests.swift */ = {isa = PBXFileReference; lastKnownFileType = sourcecode.swift; path = WorkingTimeTests.swift; sourceTree = "<group>"; };
		0FBA0D4928F427B800E1BDA3 /* WorkingTimeUITests.xctest */ = {isa = PBXFileReference; explicitFileType = wrapper.cfbundle; includeInIndex = 0; path = WorkingTimeUITests.xctest; sourceTree = BUILT_PRODUCTS_DIR; };
		0FBA0D4D28F427B800E1BDA3 /* WorkingTimeUITests.swift */ = {isa = PBXFileReference; lastKnownFileType = sourcecode.swift; path = WorkingTimeUITests.swift; sourceTree = "<group>"; };
		0FBA0D4F28F427B800E1BDA3 /* WorkingTimeUITestsLaunchTests.swift */ = {isa = PBXFileReference; lastKnownFileType = sourcecode.swift; path = WorkingTimeUITestsLaunchTests.swift; sourceTree = "<group>"; };
		0FBA0D6A28F42ECB00E1BDA3 /* WorkTime+CoreDataClass.swift */ = {isa = PBXFileReference; lastKnownFileType = sourcecode.swift; path = "WorkTime+CoreDataClass.swift"; sourceTree = "<group>"; };
		0FBA0D6B28F42ECB00E1BDA3 /* WorkTime+CoreDataProperties.swift */ = {isa = PBXFileReference; lastKnownFileType = sourcecode.swift; path = "WorkTime+CoreDataProperties.swift"; sourceTree = "<group>"; };
/* End PBXFileReference section */

/* Begin PBXFrameworksBuildPhase section */
		0FBA0D2628F427B700E1BDA3 /* Frameworks */ = {
			isa = PBXFrameworksBuildPhase;
			buildActionMask = 2147483647;
			files = (
			);
			runOnlyForDeploymentPostprocessing = 0;
		};
		0FBA0D3C28F427B800E1BDA3 /* Frameworks */ = {
			isa = PBXFrameworksBuildPhase;
			buildActionMask = 2147483647;
			files = (
			);
			runOnlyForDeploymentPostprocessing = 0;
		};
		0FBA0D4628F427B800E1BDA3 /* Frameworks */ = {
			isa = PBXFrameworksBuildPhase;
			buildActionMask = 2147483647;
			files = (
			);
			runOnlyForDeploymentPostprocessing = 0;
		};
/* End PBXFrameworksBuildPhase section */

/* Begin PBXGroup section */
		0FBA0D2028F427B700E1BDA3 = {
			isa = PBXGroup;
			children = (
				0FBA0D2B28F427B700E1BDA3 /* WorkingTime */,
				0FBA0D4228F427B800E1BDA3 /* WorkingTimeTests */,
				0FBA0D4C28F427B800E1BDA3 /* WorkingTimeUITests */,
				0FBA0D2A28F427B700E1BDA3 /* Products */,
			);
			sourceTree = "<group>";
		};
		0FBA0D2A28F427B700E1BDA3 /* Products */ = {
			isa = PBXGroup;
			children = (
				0FBA0D2928F427B700E1BDA3 /* WorkingTime.app */,
				0FBA0D3F28F427B800E1BDA3 /* WorkingTimeTests.xctest */,
				0FBA0D4928F427B800E1BDA3 /* WorkingTimeUITests.xctest */,
			);
			name = Products;
			sourceTree = "<group>";
		};
		0FBA0D2B28F427B700E1BDA3 /* WorkingTime */ = {
			isa = PBXGroup;
			children = (
				0FBA0D6428F42E5100E1BDA3 /* Souces */,
				0FBA0D2C28F427B700E1BDA3 /* WorkingTimeApp.swift */,
				0FBA0D2E28F427B700E1BDA3 /* Persistence.swift */,
				0FBA0D3328F427B700E1BDA3 /* ContentView.swift */,
				0FBA0D3528F427B800E1BDA3 /* Assets.xcassets */,
				0FBA0D3728F427B800E1BDA3 /* WorkingTime.entitlements */,
				0FBA0D3028F427B700E1BDA3 /* WorkingTime.xcdatamodeld */,
				0FBA0D3828F427B800E1BDA3 /* Preview Content */,
			);
			path = WorkingTime;
			sourceTree = "<group>";
		};
		0FBA0D3828F427B800E1BDA3 /* Preview Content */ = {
			isa = PBXGroup;
			children = (
				0FBA0D3928F427B800E1BDA3 /* Preview Assets.xcassets */,
			);
			path = "Preview Content";
			sourceTree = "<group>";
		};
		0FBA0D4228F427B800E1BDA3 /* WorkingTimeTests */ = {
			isa = PBXGroup;
			children = (
				0FBA0D4328F427B800E1BDA3 /* WorkingTimeTests.swift */,
			);
			path = WorkingTimeTests;
			sourceTree = "<group>";
		};
		0FBA0D4C28F427B800E1BDA3 /* WorkingTimeUITests */ = {
			isa = PBXGroup;
			children = (
				0FBA0D4D28F427B800E1BDA3 /* WorkingTimeUITests.swift */,
				0FBA0D4F28F427B800E1BDA3 /* WorkingTimeUITestsLaunchTests.swift */,
			);
			path = WorkingTimeUITests;
			sourceTree = "<group>";
		};
		0FBA0D6428F42E5100E1BDA3 /* Souces */ = {
			isa = PBXGroup;
			children = (
				0FBA0D6528F42E5A00E1BDA3 /* Model */,
			);
			path = Souces;
			sourceTree = "<group>";
		};
		0FBA0D6528F42E5A00E1BDA3 /* Model */ = {
			isa = PBXGroup;
			children = (
				0FBA0D6A28F42ECB00E1BDA3 /* WorkTime+CoreDataClass.swift */,
				0FBA0D6B28F42ECB00E1BDA3 /* WorkTime+CoreDataProperties.swift */,
			);
			path = Model;
			sourceTree = "<group>";
		};
/* End PBXGroup section */

/* Begin PBXNativeTarget section */
		0FBA0D2828F427B700E1BDA3 /* WorkingTime */ = {
			isa = PBXNativeTarget;
			buildConfigurationList = 0FBA0D5328F427B800E1BDA3 /* Build configuration list for PBXNativeTarget "WorkingTime" */;
			buildPhases = (
				0FBA0D2528F427B700E1BDA3 /* Sources */,
				0FBA0D2628F427B700E1BDA3 /* Frameworks */,
				0FBA0D2728F427B700E1BDA3 /* Resources */,
			);
			buildRules = (
			);
			dependencies = (
			);
			name = WorkingTime;
			productName = WorkingTime;
			productReference = 0FBA0D2928F427B700E1BDA3 /* WorkingTime.app */;
			productType = "com.apple.product-type.application";
		};
		0FBA0D3E28F427B800E1BDA3 /* WorkingTimeTests */ = {
			isa = PBXNativeTarget;
			buildConfigurationList = 0FBA0D5628F427B800E1BDA3 /* Build configuration list for PBXNativeTarget "WorkingTimeTests" */;
			buildPhases = (
				0FBA0D3B28F427B800E1BDA3 /* Sources */,
				0FBA0D3C28F427B800E1BDA3 /* Frameworks */,
				0FBA0D3D28F427B800E1BDA3 /* Resources */,
			);
			buildRules = (
			);
			dependencies = (
				0FBA0D4128F427B800E1BDA3 /* PBXTargetDependency */,
			);
			name = WorkingTimeTests;
			productName = WorkingTimeTests;
			productReference = 0FBA0D3F28F427B800E1BDA3 /* WorkingTimeTests.xctest */;
			productType = "com.apple.product-type.bundle.unit-test";
		};
		0FBA0D4828F427B800E1BDA3 /* WorkingTimeUITests */ = {
			isa = PBXNativeTarget;
			buildConfigurationList = 0FBA0D5928F427B800E1BDA3 /* Build configuration list for PBXNativeTarget "WorkingTimeUITests" */;
			buildPhases = (
				0FBA0D4528F427B800E1BDA3 /* Sources */,
				0FBA0D4628F427B800E1BDA3 /* Frameworks */,
				0FBA0D4728F427B800E1BDA3 /* Resources */,
			);
			buildRules = (
			);
			dependencies = (
				0FBA0D4B28F427B800E1BDA3 /* PBXTargetDependency */,
			);
			name = WorkingTimeUITests;
			productName = WorkingTimeUITests;
			productReference = 0FBA0D4928F427B800E1BDA3 /* WorkingTimeUITests.xctest */;
			productType = "com.apple.product-type.bundle.ui-testing";
		};
/* End PBXNativeTarget section */

/* Begin PBXProject section */
		0FBA0D2128F427B700E1BDA3 /* Project object */ = {
			isa = PBXProject;
			attributes = {
				BuildIndependentTargetsInParallel = 1;
				LastSwiftUpdateCheck = 1400;
				LastUpgradeCheck = 1400;
				TargetAttributes = {
					0FBA0D2828F427B700E1BDA3 = {
						CreatedOnToolsVersion = 14.0;
					};
					0FBA0D3E28F427B800E1BDA3 = {
						CreatedOnToolsVersion = 14.0;
						TestTargetID = 0FBA0D2828F427B700E1BDA3;
					};
					0FBA0D4828F427B800E1BDA3 = {
						CreatedOnToolsVersion = 14.0;
						TestTargetID = 0FBA0D2828F427B700E1BDA3;
					};
				};
			};
			buildConfigurationList = 0FBA0D2428F427B700E1BDA3 /* Build configuration list for PBXProject "WorkingTime" */;
			compatibilityVersion = "Xcode 14.0";
			developmentRegion = en;
			hasScannedForEncodings = 0;
			knownRegions = (
				en,
				Base,
			);
			mainGroup = 0FBA0D2028F427B700E1BDA3;
			productRefGroup = 0FBA0D2A28F427B700E1BDA3 /* Products */;
			projectDirPath = "";
			projectRoot = "";
			targets = (
				0FBA0D2828F427B700E1BDA3 /* WorkingTime */,
				0FBA0D3E28F427B800E1BDA3 /* WorkingTimeTests */,
				0FBA0D4828F427B800E1BDA3 /* WorkingTimeUITests */,
			);
		};
/* End PBXProject section */

/* Begin PBXResourcesBuildPhase section */
		0FBA0D2728F427B700E1BDA3 /* Resources */ = {
			isa = PBXResourcesBuildPhase;
			buildActionMask = 2147483647;
			files = (
				0FBA0D3A28F427B800E1BDA3 /* Preview Assets.xcassets in Resources */,
				0FBA0D3628F427B800E1BDA3 /* Assets.xcassets in Resources */,
			);
			runOnlyForDeploymentPostprocessing = 0;
		};
		0FBA0D3D28F427B800E1BDA3 /* Resources */ = {
			isa = PBXResourcesBuildPhase;
			buildActionMask = 2147483647;
			files = (
			);
			runOnlyForDeploymentPostprocessing = 0;
		};
		0FBA0D4728F427B800E1BDA3 /* Resources */ = {
			isa = PBXResourcesBuildPhase;
			buildActionMask = 2147483647;
			files = (
			);
			runOnlyForDeploymentPostprocessing = 0;
		};
/* End PBXResourcesBuildPhase section */

/* Begin PBXSourcesBuildPhase section */
		0FBA0D2528F427B700E1BDA3 /* Sources */ = {
			isa = PBXSourcesBuildPhase;
			buildActionMask = 2147483647;
			files = (
				0FBA0D2D28F427B700E1BDA3 /* WorkingTimeApp.swift in Sources */,
				0FBA0D6C28F42ECB00E1BDA3 /* WorkTime+CoreDataClass.swift in Sources */,
				0FBA0D2F28F427B700E1BDA3 /* Persistence.swift in Sources */,
				0FBA0D3428F427B700E1BDA3 /* ContentView.swift in Sources */,
				0FBA0D3228F427B700E1BDA3 /* WorkingTime.xcdatamodeld in Sources */,
				0FBA0D6D28F42ECB00E1BDA3 /* WorkTime+CoreDataProperties.swift in Sources */,
			);
			runOnlyForDeploymentPostprocessing = 0;
		};
		0FBA0D3B28F427B800E1BDA3 /* Sources */ = {
			isa = PBXSourcesBuildPhase;
			buildActionMask = 2147483647;
			files = (
				0FBA0D4428F427B800E1BDA3 /* WorkingTimeTests.swift in Sources */,
			);
			runOnlyForDeploymentPostprocessing = 0;
		};
		0FBA0D4528F427B800E1BDA3 /* Sources */ = {
			isa = PBXSourcesBuildPhase;
			buildActionMask = 2147483647;
			files = (
				0FBA0D4E28F427B800E1BDA3 /* WorkingTimeUITests.swift in Sources */,
				0FBA0D5028F427B800E1BDA3 /* WorkingTimeUITestsLaunchTests.swift in Sources */,
			);
			runOnlyForDeploymentPostprocessing = 0;
		};
/* End PBXSourcesBuildPhase section */

/* Begin PBXTargetDependency section */
		0FBA0D4128F427B800E1BDA3 /* PBXTargetDependency */ = {
			isa = PBXTargetDependency;
			target = 0FBA0D2828F427B700E1BDA3 /* WorkingTime */;
			targetProxy = 0FBA0D4028F427B800E1BDA3 /* PBXContainerItemProxy */;
		};
		0FBA0D4B28F427B800E1BDA3 /* PBXTargetDependency */ = {
			isa = PBXTargetDependency;
			target = 0FBA0D2828F427B700E1BDA3 /* WorkingTime */;
			targetProxy = 0FBA0D4A28F427B800E1BDA3 /* PBXContainerItemProxy */;
		};
/* End PBXTargetDependency section */

/* Begin XCBuildConfiguration section */
		0FBA0D5128F427B800E1BDA3 /* Debug */ = {
			isa = XCBuildConfiguration;
			buildSettings = {
				ALWAYS_SEARCH_USER_PATHS = NO;
				CLANG_ANALYZER_NONNULL = YES;
				CLANG_ANALYZER_NUMBER_OBJECT_CONVERSION = YES_AGGRESSIVE;
				CLANG_CXX_LANGUAGE_STANDARD = "gnu++20";
				CLANG_ENABLE_MODULES = YES;
				CLANG_ENABLE_OBJC_ARC = YES;
				CLANG_ENABLE_OBJC_WEAK = YES;
				CLANG_WARN_BLOCK_CAPTURE_AUTORELEASING = YES;
				CLANG_WARN_BOOL_CONVERSION = YES;
				CLANG_WARN_COMMA = YES;
				CLANG_WARN_CONSTANT_CONVERSION = YES;
				CLANG_WARN_DEPRECATED_OBJC_IMPLEMENTATIONS = YES;
				CLANG_WARN_DIRECT_OBJC_ISA_USAGE = YES_ERROR;
				CLANG_WARN_DOCUMENTATION_COMMENTS = YES;
				CLANG_WARN_EMPTY_BODY = YES;
				CLANG_WARN_ENUM_CONVERSION = YES;
				CLANG_WARN_INFINITE_RECURSION = YES;
				CLANG_WARN_INT_CONVERSION = YES;
				CLANG_WARN_NON_LITERAL_NULL_CONVERSION = YES;
				CLANG_WARN_OBJC_IMPLICIT_RETAIN_SELF = YES;
				CLANG_WARN_OBJC_LITERAL_CONVERSION = YES;
				CLANG_WARN_OBJC_ROOT_CLASS = YES_ERROR;
				CLANG_WARN_QUOTED_INCLUDE_IN_FRAMEWORK_HEADER = YES;
				CLANG_WARN_RANGE_LOOP_ANALYSIS = YES;
				CLANG_WARN_STRICT_PROTOTYPES = YES;
				CLANG_WARN_SUSPICIOUS_MOVE = YES;
				CLANG_WARN_UNGUARDED_AVAILABILITY = YES_AGGRESSIVE;
				CLANG_WARN_UNREACHABLE_CODE = YES;
				CLANG_WARN__DUPLICATE_METHOD_MATCH = YES;
				COPY_PHASE_STRIP = NO;
				DEBUG_INFORMATION_FORMAT = dwarf;
				ENABLE_STRICT_OBJC_MSGSEND = YES;
				ENABLE_TESTABILITY = YES;
				GCC_C_LANGUAGE_STANDARD = gnu11;
				GCC_DYNAMIC_NO_PIC = NO;
				GCC_NO_COMMON_BLOCKS = YES;
				GCC_OPTIMIZATION_LEVEL = 0;
				GCC_PREPROCESSOR_DEFINITIONS = (
					"DEBUG=1",
					"$(inherited)",
				);
				GCC_WARN_64_TO_32_BIT_CONVERSION = YES;
				GCC_WARN_ABOUT_RETURN_TYPE = YES_ERROR;
				GCC_WARN_UNDECLARED_SELECTOR = YES;
				GCC_WARN_UNINITIALIZED_AUTOS = YES_AGGRESSIVE;
				GCC_WARN_UNUSED_FUNCTION = YES;
				GCC_WARN_UNUSED_VARIABLE = YES;
				MTL_ENABLE_DEBUG_INFO = INCLUDE_SOURCE;
				MTL_FAST_MATH = YES;
				ONLY_ACTIVE_ARCH = YES;
				SWIFT_ACTIVE_COMPILATION_CONDITIONS = DEBUG;
				SWIFT_OPTIMIZATION_LEVEL = "-Onone";
			};
			name = Debug;
		};
		0FBA0D5228F427B800E1BDA3 /* Release */ = {
			isa = XCBuildConfiguration;
			buildSettings = {
				ALWAYS_SEARCH_USER_PATHS = NO;
				CLANG_ANALYZER_NONNULL = YES;
				CLANG_ANALYZER_NUMBER_OBJECT_CONVERSION = YES_AGGRESSIVE;
				CLANG_CXX_LANGUAGE_STANDARD = "gnu++20";
				CLANG_ENABLE_MODULES = YES;
				CLANG_ENABLE_OBJC_ARC = YES;
				CLANG_ENABLE_OBJC_WEAK = YES;
				CLANG_WARN_BLOCK_CAPTURE_AUTORELEASING = YES;
				CLANG_WARN_BOOL_CONVERSION = YES;
				CLANG_WARN_COMMA = YES;
				CLANG_WARN_CONSTANT_CONVERSION = YES;
				CLANG_WARN_DEPRECATED_OBJC_IMPLEMENTATIONS = YES;
				CLANG_WARN_DIRECT_OBJC_ISA_USAGE = YES_ERROR;
				CLANG_WARN_DOCUMENTATION_COMMENTS = YES;
				CLANG_WARN_EMPTY_BODY = YES;
				CLANG_WARN_ENUM_CONVERSION = YES;
				CLANG_WARN_INFINITE_RECURSION = YES;
				CLANG_WARN_INT_CONVERSION = YES;
				CLANG_WARN_NON_LITERAL_NULL_CONVERSION = YES;
				CLANG_WARN_OBJC_IMPLICIT_RETAIN_SELF = YES;
				CLANG_WARN_OBJC_LITERAL_CONVERSION = YES;
				CLANG_WARN_OBJC_ROOT_CLASS = YES_ERROR;
				CLANG_WARN_QUOTED_INCLUDE_IN_FRAMEWORK_HEADER = YES;
				CLANG_WARN_RANGE_LOOP_ANALYSIS = YES;
				CLANG_WARN_STRICT_PROTOTYPES = YES;
				CLANG_WARN_SUSPICIOUS_MOVE = YES;
				CLANG_WARN_UNGUARDED_AVAILABILITY = YES_AGGRESSIVE;
				CLANG_WARN_UNREACHABLE_CODE = YES;
				CLANG_WARN__DUPLICATE_METHOD_MATCH = YES;
				COPY_PHASE_STRIP = NO;
				DEBUG_INFORMATION_FORMAT = "dwarf-with-dsym";
				ENABLE_NS_ASSERTIONS = NO;
				ENABLE_STRICT_OBJC_MSGSEND = YES;
				GCC_C_LANGUAGE_STANDARD = gnu11;
				GCC_NO_COMMON_BLOCKS = YES;
				GCC_WARN_64_TO_32_BIT_CONVERSION = YES;
				GCC_WARN_ABOUT_RETURN_TYPE = YES_ERROR;
				GCC_WARN_UNDECLARED_SELECTOR = YES;
				GCC_WARN_UNINITIALIZED_AUTOS = YES_AGGRESSIVE;
				GCC_WARN_UNUSED_FUNCTION = YES;
				GCC_WARN_UNUSED_VARIABLE = YES;
				MTL_ENABLE_DEBUG_INFO = NO;
				MTL_FAST_MATH = YES;
				SWIFT_COMPILATION_MODE = wholemodule;
				SWIFT_OPTIMIZATION_LEVEL = "-O";
			};
			name = Release;
		};
		0FBA0D5428F427B800E1BDA3 /* Debug */ = {
			isa = XCBuildConfiguration;
			buildSettings = {
				ASSETCATALOG_COMPILER_APPICON_NAME = AppIcon;
				ASSETCATALOG_COMPILER_GLOBAL_ACCENT_COLOR_NAME = AccentColor;
				CODE_SIGN_ENTITLEMENTS = WorkingTime/WorkingTime.entitlements;
				CODE_SIGN_STYLE = Automatic;
				CURRENT_PROJECT_VERSION = 1;
				DEVELOPMENT_ASSET_PATHS = "\"WorkingTime/Preview Content\"";
				DEVELOPMENT_TEAM = UUF7376KJL;
				ENABLE_HARDENED_RUNTIME = YES;
				ENABLE_PREVIEWS = YES;
				GENERATE_INFOPLIST_FILE = YES;
				"INFOPLIST_KEY_UIApplicationSceneManifest_Generation[sdk=iphoneos*]" = YES;
				"INFOPLIST_KEY_UIApplicationSceneManifest_Generation[sdk=iphonesimulator*]" = YES;
				"INFOPLIST_KEY_UIApplicationSupportsIndirectInputEvents[sdk=iphoneos*]" = YES;
				"INFOPLIST_KEY_UIApplicationSupportsIndirectInputEvents[sdk=iphonesimulator*]" = YES;
				"INFOPLIST_KEY_UILaunchScreen_Generation[sdk=iphoneos*]" = YES;
				"INFOPLIST_KEY_UILaunchScreen_Generation[sdk=iphonesimulator*]" = YES;
				"INFOPLIST_KEY_UIStatusBarStyle[sdk=iphoneos*]" = UIStatusBarStyleDefault;
				"INFOPLIST_KEY_UIStatusBarStyle[sdk=iphonesimulator*]" = UIStatusBarStyleDefault;
				INFOPLIST_KEY_UISupportedInterfaceOrientations_iPad = "UIInterfaceOrientationPortrait UIInterfaceOrientationPortraitUpsideDown UIInterfaceOrientationLandscapeLeft UIInterfaceOrientationLandscapeRight";
				INFOPLIST_KEY_UISupportedInterfaceOrientations_iPhone = "UIInterfaceOrientationPortrait UIInterfaceOrientationLandscapeLeft UIInterfaceOrientationLandscapeRight";
				IPHONEOS_DEPLOYMENT_TARGET = 16.0;
				LD_RUNPATH_SEARCH_PATHS = "@executable_path/Frameworks";
				"LD_RUNPATH_SEARCH_PATHS[sdk=macosx*]" = "@executable_path/../Frameworks";
				MACOSX_DEPLOYMENT_TARGET = 12.3;
				MARKETING_VERSION = 1.0;
				PRODUCT_BUNDLE_IDENTIFIER = com.lcr.WorkingTime;
				PRODUCT_NAME = "$(TARGET_NAME)";
				SDKROOT = auto;
				SUPPORTED_PLATFORMS = "iphoneos iphonesimulator macosx";
				SWIFT_EMIT_LOC_STRINGS = YES;
				SWIFT_VERSION = 5.0;
				TARGETED_DEVICE_FAMILY = "1,2";
			};
			name = Debug;
		};
		0FBA0D5528F427B800E1BDA3 /* Release */ = {
			isa = XCBuildConfiguration;
			buildSettings = {
				ASSETCATALOG_COMPILER_APPICON_NAME = AppIcon;
				ASSETCATALOG_COMPILER_GLOBAL_ACCENT_COLOR_NAME = AccentColor;
				CODE_SIGN_ENTITLEMENTS = WorkingTime/WorkingTime.entitlements;
				CODE_SIGN_STYLE = Automatic;
				CURRENT_PROJECT_VERSION = 1;
				DEVELOPMENT_ASSET_PATHS = "\"WorkingTime/Preview Content\"";
				DEVELOPMENT_TEAM = UUF7376KJL;
				ENABLE_HARDENED_RUNTIME = YES;
				ENABLE_PREVIEWS = YES;
				GENERATE_INFOPLIST_FILE = YES;
				"INFOPLIST_KEY_UIApplicationSceneManifest_Generation[sdk=iphoneos*]" = YES;
				"INFOPLIST_KEY_UIApplicationSceneManifest_Generation[sdk=iphonesimulator*]" = YES;
				"INFOPLIST_KEY_UIApplicationSupportsIndirectInputEvents[sdk=iphoneos*]" = YES;
				"INFOPLIST_KEY_UIApplicationSupportsIndirectInputEvents[sdk=iphonesimulator*]" = YES;
				"INFOPLIST_KEY_UILaunchScreen_Generation[sdk=iphoneos*]" = YES;
				"INFOPLIST_KEY_UILaunchScreen_Generation[sdk=iphonesimulator*]" = YES;
				"INFOPLIST_KEY_UIStatusBarStyle[sdk=iphoneos*]" = UIStatusBarStyleDefault;
				"INFOPLIST_KEY_UIStatusBarStyle[sdk=iphonesimulator*]" = UIStatusBarStyleDefault;
				INFOPLIST_KEY_UISupportedInterfaceOrientations_iPad = "UIInterfaceOrientationPortrait UIInterfaceOrientationPortraitUpsideDown UIInterfaceOrientationLandscapeLeft UIInterfaceOrientationLandscapeRight";
				INFOPLIST_KEY_UISupportedInterfaceOrientations_iPhone = "UIInterfaceOrientationPortrait UIInterfaceOrientationLandscapeLeft UIInterfaceOrientationLandscapeRight";
				IPHONEOS_DEPLOYMENT_TARGET = 16.0;
				LD_RUNPATH_SEARCH_PATHS = "@executable_path/Frameworks";
				"LD_RUNPATH_SEARCH_PATHS[sdk=macosx*]" = "@executable_path/../Frameworks";
				MACOSX_DEPLOYMENT_TARGET = 12.3;
				MARKETING_VERSION = 1.0;
				PRODUCT_BUNDLE_IDENTIFIER = com.lcr.WorkingTime;
				PRODUCT_NAME = "$(TARGET_NAME)";
				SDKROOT = auto;
				SUPPORTED_PLATFORMS = "iphoneos iphonesimulator macosx";
				SWIFT_EMIT_LOC_STRINGS = YES;
				SWIFT_VERSION = 5.0;
				TARGETED_DEVICE_FAMILY = "1,2";
			};
			name = Release;
		};
		0FBA0D5728F427B800E1BDA3 /* Debug */ = {
			isa = XCBuildConfiguration;
			buildSettings = {
				ALWAYS_EMBED_SWIFT_STANDARD_LIBRARIES = YES;
				BUNDLE_LOADER = "$(TEST_HOST)";
				CODE_SIGN_STYLE = Automatic;
				CURRENT_PROJECT_VERSION = 1;
				DEVELOPMENT_TEAM = UUF7376KJL;
				GENERATE_INFOPLIST_FILE = YES;
				IPHONEOS_DEPLOYMENT_TARGET = 16.0;
				MACOSX_DEPLOYMENT_TARGET = 12.3;
				MARKETING_VERSION = 1.0;
				PRODUCT_BUNDLE_IDENTIFIER = com.lcr.WorkingTimeTests;
				PRODUCT_NAME = "$(TARGET_NAME)";
				SDKROOT = auto;
				SUPPORTED_PLATFORMS = "iphoneos iphonesimulator macosx";
				SWIFT_EMIT_LOC_STRINGS = NO;
				SWIFT_VERSION = 5.0;
				TARGETED_DEVICE_FAMILY = "1,2";
				TEST_HOST = "$(BUILT_PRODUCTS_DIR)/WorkingTime.app/$(BUNDLE_EXECUTABLE_FOLDER_PATH)/WorkingTime";
			};
			name = Debug;
		};
		0FBA0D5828F427B800E1BDA3 /* Release */ = {
			isa = XCBuildConfiguration;
			buildSettings = {
				ALWAYS_EMBED_SWIFT_STANDARD_LIBRARIES = YES;
				BUNDLE_LOADER = "$(TEST_HOST)";
				CODE_SIGN_STYLE = Automatic;
				CURRENT_PROJECT_VERSION = 1;
				DEVELOPMENT_TEAM = UUF7376KJL;
				GENERATE_INFOPLIST_FILE = YES;
				IPHONEOS_DEPLOYMENT_TARGET = 16.0;
				MACOSX_DEPLOYMENT_TARGET = 12.3;
				MARKETING_VERSION = 1.0;
				PRODUCT_BUNDLE_IDENTIFIER = com.lcr.WorkingTimeTests;
				PRODUCT_NAME = "$(TARGET_NAME)";
				SDKROOT = auto;
				SUPPORTED_PLATFORMS = "iphoneos iphonesimulator macosx";
				SWIFT_EMIT_LOC_STRINGS = NO;
				SWIFT_VERSION = 5.0;
				TARGETED_DEVICE_FAMILY = "1,2";
				TEST_HOST = "$(BUILT_PRODUCTS_DIR)/WorkingTime.app/$(BUNDLE_EXECUTABLE_FOLDER_PATH)/WorkingTime";
			};
			name = Release;
		};
		0FBA0D5A28F427B800E1BDA3 /* Debug */ = {
			isa = XCBuildConfiguration;
			buildSettings = {
				ALWAYS_EMBED_SWIFT_STANDARD_LIBRARIES = YES;
				CODE_SIGN_STYLE = Automatic;
				CURRENT_PROJECT_VERSION = 1;
				DEVELOPMENT_TEAM = UUF7376KJL;
				GENERATE_INFOPLIST_FILE = YES;
				IPHONEOS_DEPLOYMENT_TARGET = 16.0;
				MACOSX_DEPLOYMENT_TARGET = 12.3;
				MARKETING_VERSION = 1.0;
				PRODUCT_BUNDLE_IDENTIFIER = com.lcr.WorkingTimeUITests;
				PRODUCT_NAME = "$(TARGET_NAME)";
				SDKROOT = auto;
				SUPPORTED_PLATFORMS = "iphoneos iphonesimulator macosx";
				SWIFT_EMIT_LOC_STRINGS = NO;
				SWIFT_VERSION = 5.0;
				TARGETED_DEVICE_FAMILY = "1,2";
				TEST_TARGET_NAME = WorkingTime;
			};
			name = Debug;
		};
		0FBA0D5B28F427B800E1BDA3 /* Release */ = {
			isa = XCBuildConfiguration;
			buildSettings = {
				ALWAYS_EMBED_SWIFT_STANDARD_LIBRARIES = YES;
				CODE_SIGN_STYLE = Automatic;
				CURRENT_PROJECT_VERSION = 1;
				DEVELOPMENT_TEAM = UUF7376KJL;
				GENERATE_INFOPLIST_FILE = YES;
				IPHONEOS_DEPLOYMENT_TARGET = 16.0;
				MACOSX_DEPLOYMENT_TARGET = 12.3;
				MARKETING_VERSION = 1.0;
				PRODUCT_BUNDLE_IDENTIFIER = com.lcr.WorkingTimeUITests;
				PRODUCT_NAME = "$(TARGET_NAME)";
				SDKROOT = auto;
				SUPPORTED_PLATFORMS = "iphoneos iphonesimulator macosx";
				SWIFT_EMIT_LOC_STRINGS = NO;
				SWIFT_VERSION = 5.0;
				TARGETED_DEVICE_FAMILY = "1,2";
				TEST_TARGET_NAME = WorkingTime;
			};
			name = Release;
		};
/* End XCBuildConfiguration section */

/* Begin XCConfigurationList section */
		0FBA0D2428F427B700E1BDA3 /* Build configuration list for PBXProject "WorkingTime" */ = {
			isa = XCConfigurationList;
			buildConfigurations = (
				0FBA0D5128F427B800E1BDA3 /* Debug */,
				0FBA0D5228F427B800E1BDA3 /* Release */,
			);
			defaultConfigurationIsVisible = 0;
			defaultConfigurationName = Release;
		};
		0FBA0D5328F427B800E1BDA3 /* Build configuration list for PBXNativeTarget "WorkingTime" */ = {
			isa = XCConfigurationList;
			buildConfigurations = (
				0FBA0D5428F427B800E1BDA3 /* Debug */,
				0FBA0D5528F427B800E1BDA3 /* Release */,
			);
			defaultConfigurationIsVisible = 0;
			defaultConfigurationName = Release;
		};
		0FBA0D5628F427B800E1BDA3 /* Build configuration list for PBXNativeTarget "WorkingTimeTests" */ = {
			isa = XCConfigurationList;
			buildConfigurations = (
				0FBA0D5728F427B800E1BDA3 /* Debug */,
				0FBA0D5828F427B800E1BDA3 /* Release */,
			);
			defaultConfigurationIsVisible = 0;
			defaultConfigurationName = Release;
		};
		0FBA0D5928F427B800E1BDA3 /* Build configuration list for PBXNativeTarget "WorkingTimeUITests" */ = {
			isa = XCConfigurationList;
			buildConfigurations = (
				0FBA0D5A28F427B800E1BDA3 /* Debug */,
				0FBA0D5B28F427B800E1BDA3 /* Release */,
			);
			defaultConfigurationIsVisible = 0;
			defaultConfigurationName = Release;
		};
/* End XCConfigurationList section */

/* Begin XCVersionGroup section */
		0FBA0D3028F427B700E1BDA3 /* WorkingTime.xcdatamodeld */ = {
			isa = XCVersionGroup;
			children = (
				0FBA0D3128F427B700E1BDA3 /* WorkingTime.xcdatamodel */,
			);
			currentVersion = 0FBA0D3128F427B700E1BDA3 /* WorkingTime.xcdatamodel */;
			path = WorkingTime.xcdatamodeld;
			sourceTree = "<group>";
			versionGroupType = wrapper.xcdatamodel;
		};
/* End XCVersionGroup section */
	};
	rootObject = 0FBA0D2128F427B700E1BDA3 /* Project object */;
}
